
Microsoft Visual Studio Solution File, Format Version 12.00
# Visual Studio Version 17
VisualStudioVersion = 17.7.34031.279
MinimumVisualStudioVersion = 10.0.40219.1
Project("{FAE04EC0-301F-11D3-BF4B-00C04F79EFBC}") = "Practice_Class", "Practice_Class\Practice_Class.csproj", "{4E664574-90EE-4D6C-AFFA-EE8DCBAA21C6}"
EndProject
Global
	GlobalSection(SolutionConfigurationPlatforms) = preSolution
		Debug|Any CPU = Debug|Any CPU
		Release|Any CPU = Release|Any CPU
	EndGlobalSection
	GlobalSection(ProjectConfigurationPlatforms) = postSolution
		{4E664574-90EE-4D6C-AFFA-EE8DCBAA21C6}.Debug|Any CPU.ActiveCfg = Debug|Any CPU
		{4E664574-90EE-4D6C-AFFA-EE8DCBAA21C6}.Debug|Any CPU.Build.0 = Debug|Any CPU
		{4E664574-90EE-4D6C-AFFA-EE8DCBAA21C6}.Release|Any CPU.ActiveCfg = Release|Any CPU
		{4E664574-90EE-4D6C-AFFA-EE8DCBAA21C6}.Release|Any CPU.Build.0 = Release|Any CPU
	EndGlobalSection
	GlobalSection(SolutionProperties) = preSolution
		HideSolutionNode = FALSE
	EndGlobalSection
	GlobalSection(ExtensibilityGlobals) = postSolution
		SolutionGuid = {E213B330-A91D-4C2B-83AB-FF46AB360E54}
	EndGlobalSection
EndGlobal
