
Microsoft Visual Studio Solution File, Format Version 12.00
# Visual Studio Version 17
VisualStudioVersion = 17.7.34031.279
MinimumVisualStudioVersion = 10.0.40219.1
Project("{FAE04EC0-301F-11D3-BF4B-00C04F79EFBC}") = "Examone", "Examone\Examone.csproj", "{96A306A4-19B4-40D6-A079-B2D72C4771C6}"
EndProject
Global
	GlobalSection(SolutionConfigurationPlatforms) = preSolution
		Debug|Any CPU = Debug|Any CPU
		Release|Any CPU = Release|Any CPU
	EndGlobalSection
	GlobalSection(ProjectConfigurationPlatforms) = postSolution
		{96A306A4-19B4-40D6-A079-B2D72C4771C6}.Debug|Any CPU.ActiveCfg = Debug|Any CPU
		{96A306A4-19B4-40D6-A079-B2D72C4771C6}.Debug|Any CPU.Build.0 = Debug|Any CPU
		{96A306A4-19B4-40D6-A079-B2D72C4771C6}.Release|Any CPU.ActiveCfg = Release|Any CPU
		{96A306A4-19B4-40D6-A079-B2D72C4771C6}.Release|Any CPU.Build.0 = Release|Any CPU
	EndGlobalSection
	GlobalSection(SolutionProperties) = preSolution
		HideSolutionNode = FALSE
	EndGlobalSection
	GlobalSection(ExtensibilityGlobals) = postSolution
		SolutionGuid = {DDCB0DDC-61FB-4F8A-95EF-5C4F498976C7}
	EndGlobalSection
EndGlobal
