
Microsoft Visual Studio Solution File, Format Version 12.00
# Visual Studio Version 17
VisualStudioVersion = 17.7.34031.279
MinimumVisualStudioVersion = 10.0.40219.1
Project("{FAE04EC0-301F-11D3-BF4B-00C04F79EFBC}") = "FristDemo.Web", "FristDemo.Web\FristDemo.Web.csproj", "{77032643-1AE0-4C97-BB70-18E7856871C3}"
EndProject
Global
	GlobalSection(SolutionConfigurationPlatforms) = preSolution
		Debug|Any CPU = Debug|Any CPU
		Release|Any CPU = Release|Any CPU
	EndGlobalSection
	GlobalSection(ProjectConfigurationPlatforms) = postSolution
		{77032643-1AE0-4C97-BB70-18E7856871C3}.Debug|Any CPU.ActiveCfg = Debug|Any CPU
		{77032643-1AE0-4C97-BB70-18E7856871C3}.Debug|Any CPU.Build.0 = Debug|Any CPU
		{77032643-1AE0-4C97-BB70-18E7856871C3}.Release|Any CPU.ActiveCfg = Release|Any CPU
		{77032643-1AE0-4C97-BB70-18E7856871C3}.Release|Any CPU.Build.0 = Release|Any CPU
	EndGlobalSection
	GlobalSection(SolutionProperties) = preSolution
		HideSolutionNode = FALSE
	EndGlobalSection
	GlobalSection(ExtensibilityGlobals) = postSolution
		SolutionGuid = {12B29792-212D-49EE-8688-FCF9B9F64AD5}
	EndGlobalSection
EndGlobal
