
Microsoft Visual Studio Solution File, Format Version 12.00
# Visual Studio Version 17
VisualStudioVersion = 17.7.34031.279
MinimumVisualStudioVersion = 10.0.40219.1
Project("{FAE04EC0-301F-11D3-BF4B-00C04F79EFBC}") = "Reflection", "Reflection\Reflection.csproj", "{FC1E7B87-0BAA-45CF-812E-C22F241EB1A5}"
EndProject
Global
	GlobalSection(SolutionConfigurationPlatforms) = preSolution
		Debug|Any CPU = Debug|Any CPU
		Release|Any CPU = Release|Any CPU
	EndGlobalSection
	GlobalSection(ProjectConfigurationPlatforms) = postSolution
		{FC1E7B87-0BAA-45CF-812E-C22F241EB1A5}.Debug|Any CPU.ActiveCfg = Debug|Any CPU
		{FC1E7B87-0BAA-45CF-812E-C22F241EB1A5}.Debug|Any CPU.Build.0 = Debug|Any CPU
		{FC1E7B87-0BAA-45CF-812E-C22F241EB1A5}.Release|Any CPU.ActiveCfg = Release|Any CPU
		{FC1E7B87-0BAA-45CF-812E-C22F241EB1A5}.Release|Any CPU.Build.0 = Release|Any CPU
	EndGlobalSection
	GlobalSection(SolutionProperties) = preSolution
		HideSolutionNode = FALSE
	EndGlobalSection
	GlobalSection(ExtensibilityGlobals) = postSolution
		SolutionGuid = {08B48E69-73F4-4AD4-BD2A-465A74B7272E}
	EndGlobalSection
EndGlobal
